Microsoft Visual Studio Solution File, Format Version 12.00
# Visual Studio Version 17
VisualStudioVersion = 17.5.2.0
MinimumVisualStudioVersion = 10.0.40219.1
Project("{FAE04EC0-301F-11D3-BF4B-00C04F79EFBC}") = "Minesweeper", "Minesweeper.csproj", "{BDAD0DC2-1518-2EF5-BF1E-E27EB3766BB4}"
EndProject
Global
	GlobalSection(SolutionConfigurationPlatforms) = preSolution
		Debug|Any CPU = Debug|Any CPU
		Release|Any CPU = Release|Any CPU
	EndGlobalSection
	GlobalSection(ProjectConfigurationPlatforms) = postSolution
		{BDAD0DC2-1518-2EF5-BF1E-E27EB3766BB4}.Debug|Any CPU.ActiveCfg = Debug|Any CPU
		{BDAD0DC2-1518-2EF5-BF1E-E27EB3766BB4}.Debug|Any CPU.Build.0 = Debug|Any CPU
		{BDAD0DC2-1518-2EF5-BF1E-E27EB3766BB4}.Release|Any CPU.ActiveCfg = Release|Any CPU
		{BDAD0DC2-1518-2EF5-BF1E-E27EB3766BB4}.Release|Any CPU.Build.0 = Release|Any CPU
	EndGlobalSection
	GlobalSection(SolutionProperties) = preSolution
		HideSolutionNode = FALSE
	EndGlobalSection
	GlobalSection(ExtensibilityGlobals) = postSolution
		SolutionGuid = {EF0B4B6C-15EC-48A2-AE54-C87FB2EB3D89}
	EndGlobalSection
EndGlobal
